{
    "_readme": [
        "This file locks the dependencies of your project to a known state",
        "Read more about it at https://getcomposer.org/doc/01-basic-usage.md#installing-dependencies",
        "This file is @generated automatically"
    ],
    "content-hash": "909f4c52ae311b3de652e3db979371ed",
    "packages": [
        {
            "name": "rchipka/context",
            "version": "dev-master",
            "source": {
                "type": "git",
                "url": "https://github.com/rchipka/php-context.git",
                "reference": "584f0bd2a954b4c7a1dac556c44b4c793d852ba0"
            },
            "dist": {
                "type": "zip",
                "url": "https://api.github.com/repos/rchipka/php-context/zipball/584f0bd2a954b4c7a1dac556c44b4c793d852ba0",
                "reference": "584f0bd2a954b4c7a1dac556c44b4c793d852ba0",
                "shasum": ""
            },
            "type": "library",
            "autoload": {
                "files": [
                    "Context.php"
                ]
            },
            "notification-url": "https://packagist.org/downloads/",
            "license": [
                "MIT"
            ],
            "time": "2018-06-09T20:35:53+00:00"
        }
    ],
    "packages-dev": [],
    "aliases": [],
    "minimum-stability": "stable",
    "stability-flags": {
        "rchipka/context": 20
    },
    "prefer-stable": false,
    "prefer-lowest": false,
    "platform": [],
    "platform-dev": []
}
